
Microsoft Visual Studio Solution File, Format Version 12.00
# Visual Studio Version 17
VisualStudioVersion = 17.14.36414.22
MinimumVisualStudioVersion = 10.0.40219.1
Project("{FAE04EC0-301F-11D3-BF4B-00C04F79EFBC}") = "CleanArchitectureCQRS.API", "CleanArchitectureCQRS\CleanArchitectureCQRS.API.csproj", "{38E95C55-ED02-4101-84BA-0FA2F4955267}"
EndProject
Project("{FAE04EC0-301F-11D3-BF4B-00C04F79EFBC}") = "CleanArchitecture.Application", "CleanArchitecture.Application\CleanArchitecture.Application.csproj", "{989EBEEA-54DF-4785-91F6-5C8C517AD681}"
EndProject
Project("{FAE04EC0-301F-11D3-BF4B-00C04F79EFBC}") = "CleanArchitecture.Domain", "CleanArchitecture.Domain\CleanArchitecture.Domain.csproj", "{EC7D4C63-B02C-4FDE-812C-AEDA5A6AF19E}"
EndProject
Project("{FAE04EC0-301F-11D3-BF4B-00C04F79EFBC}") = "CleanArchitecture.Infrastructure", "CleanArchitecture.Infrastructure\CleanArchitecture.Infrastructure.csproj", "{8EAF77DC-44CF-4E58-9930-8832BB946992}"
EndProject
Project("{E53339B2-1760-4266-BCC7-CA923CBCF16C}") = "docker-compose", "docker-compose.dcproj", "{81DDED9D-158B-E303-5F62-77A2896D2A5A}"
EndProject
Project("{2150E333-8FDC-42A3-9474-1A3956D46DE8}") = "Itens de Solução", "Itens de Solução", "{380A7511-A354-6D7A-0CC0-8FA1F1BA7B6C}"
	ProjectSection(SolutionItems) = preProject
		docker-compose.yml = docker-compose.yml
		nginx\nginx.conf = nginx\nginx.conf
	EndProjectSection
EndProject
Project("{2150E333-8FDC-42A3-9474-1A3956D46DE8}") = "Tests", "Tests", "{0AB3BF05-4346-4AA6-1389-037BE0695223}"
EndProject
Project("{FAE04EC0-301F-11D3-BF4B-00C04F79EFBC}") = "CleanArchitectureCQRS.Tests", "Tests\CleanArchitectureCQRS.Tests.csproj", "{BD80A979-C429-405B-9C61-A8661AF0FBAB}"
EndProject
Project("{2150E333-8FDC-42A3-9474-1A3956D46DE8}") = "BuildingBlocks", "BuildingBlocks", "{02EA681E-C7D8-13C7-8484-4AC65E1B71E8}"
EndProject
Project("{2150E333-8FDC-42A3-9474-1A3956D46DE8}") = "Integration", "Integration", "{98D12245-3036-4501-BB00-3FB232F9B2A1}"
EndProject
Project("{FAE04EC0-301F-11D3-BF4B-00C04F79EFBC}") = "Contracts", "Contracts\Contracts.csproj", "{8D819584-4EC2-52ED-CD78-AA7BA4C26214}"
EndProject
Project("{FAE04EC0-301F-11D3-BF4B-00C04F79EFBC}") = "EventBusService", "EventBusService\EventBusService.csproj", "{564D0827-EDE4-7028-A2F4-06911FCF89AC}"
EndProject
Project("{FAE04EC0-301F-11D3-BF4B-00C04F79EFBC}") = "EventBus", "EventBus\EventBus.csproj", "{7609555C-E9B6-5978-E2CB-38FB0043257A}"
EndProject
Global
	GlobalSection(SolutionConfigurationPlatforms) = preSolution
		Debug|Any CPU = Debug|Any CPU
		Debug|x64 = Debug|x64
		Debug|x86 = Debug|x86
		Release|Any CPU = Release|Any CPU
		Release|x64 = Release|x64
		Release|x86 = Release|x86
	EndGlobalSection
	GlobalSection(ProjectConfigurationPlatforms) = postSolution
		{38E95C55-ED02-4101-84BA-0FA2F4955267}.Debug|Any CPU.ActiveCfg = Debug|Any CPU
		{38E95C55-ED02-4101-84BA-0FA2F4955267}.Debug|Any CPU.Build.0 = Debug|Any CPU
		{38E95C55-ED02-4101-84BA-0FA2F4955267}.Debug|x64.ActiveCfg = Debug|Any CPU
		{38E95C55-ED02-4101-84BA-0FA2F4955267}.Debug|x64.Build.0 = Debug|Any CPU
		{38E95C55-ED02-4101-84BA-0FA2F4955267}.Debug|x86.ActiveCfg = Debug|Any CPU
		{38E95C55-ED02-4101-84BA-0FA2F4955267}.Debug|x86.Build.0 = Debug|Any CPU
		{38E95C55-ED02-4101-84BA-0FA2F4955267}.Release|Any CPU.ActiveCfg = Release|Any CPU
		{38E95C55-ED02-4101-84BA-0FA2F4955267}.Release|Any CPU.Build.0 = Release|Any CPU
		{38E95C55-ED02-4101-84BA-0FA2F4955267}.Release|x64.ActiveCfg = Release|Any CPU
		{38E95C55-ED02-4101-84BA-0FA2F4955267}.Release|x64.Build.0 = Release|Any CPU
		{38E95C55-ED02-4101-84BA-0FA2F4955267}.Release|x86.ActiveCfg = Release|Any CPU
		{38E95C55-ED02-4101-84BA-0FA2F4955267}.Release|x86.Build.0 = Release|Any CPU
		{989EBEEA-54DF-4785-91F6-5C8C517AD681}.Debug|Any CPU.ActiveCfg = Debug|Any CPU
		{989EBEEA-54DF-4785-91F6-5C8C517AD681}.Debug|Any CPU.Build.0 = Debug|Any CPU
		{989EBEEA-54DF-4785-91F6-5C8C517AD681}.Debug|x64.ActiveCfg = Debug|Any CPU
		{989EBEEA-54DF-4785-91F6-5C8C517AD681}.Debug|x64.Build.0 = Debug|Any CPU
		{989EBEEA-54DF-4785-91F6-5C8C517AD681}.Debug|x86.ActiveCfg = Debug|Any CPU
		{989EBEEA-54DF-4785-91F6-5C8C517AD681}.Debug|x86.Build.0 = Debug|Any CPU
		{989EBEEA-54DF-4785-91F6-5C8C517AD681}.Release|Any CPU.ActiveCfg = Release|Any CPU
		{989EBEEA-54DF-4785-91F6-5C8C517AD681}.Release|Any CPU.Build.0 = Release|Any CPU
		{989EBEEA-54DF-4785-91F6-5C8C517AD681}.Release|x64.ActiveCfg = Release|Any CPU
		{989EBEEA-54DF-4785-91F6-5C8C517AD681}.Release|x64.Build.0 = Release|Any CPU
		{989EBEEA-54DF-4785-91F6-5C8C517AD681}.Release|x86.ActiveCfg = Release|Any CPU
		{989EBEEA-54DF-4785-91F6-5C8C517AD681}.Release|x86.Build.0 = Release|Any CPU
		{EC7D4C63-B02C-4FDE-812C-AEDA5A6AF19E}.Debug|Any CPU.ActiveCfg = Debug|Any CPU
		{EC7D4C63-B02C-4FDE-812C-AEDA5A6AF19E}.Debug|Any CPU.Build.0 = Debug|Any CPU
		{EC7D4C63-B02C-4FDE-812C-AEDA5A6AF19E}.Debug|x64.ActiveCfg = Debug|Any CPU
		{EC7D4C63-B02C-4FDE-812C-AEDA5A6AF19E}.Debug|x64.Build.0 = Debug|Any CPU
		{EC7D4C63-B02C-4FDE-812C-AEDA5A6AF19E}.Debug|x86.ActiveCfg = Debug|Any CPU
		{EC7D4C63-B02C-4FDE-812C-AEDA5A6AF19E}.Debug|x86.Build.0 = Debug|Any CPU
		{EC7D4C63-B02C-4FDE-812C-AEDA5A6AF19E}.Release|Any CPU.ActiveCfg = Release|Any CPU
		{EC7D4C63-B02C-4FDE-812C-AEDA5A6AF19E}.Release|Any CPU.Build.0 = Release|Any CPU
		{EC7D4C63-B02C-4FDE-812C-AEDA5A6AF19E}.Release|x64.ActiveCfg = Release|Any CPU
		{EC7D4C63-B02C-4FDE-812C-AEDA5A6AF19E}.Release|x64.Build.0 = Release|Any CPU
		{EC7D4C63-B02C-4FDE-812C-AEDA5A6AF19E}.Release|x86.ActiveCfg = Release|Any CPU
		{EC7D4C63-B02C-4FDE-812C-AEDA5A6AF19E}.Release|x86.Build.0 = Release|Any CPU
		{8EAF77DC-44CF-4E58-9930-8832BB946992}.Debug|Any CPU.ActiveCfg = Debug|Any CPU
		{8EAF77DC-44CF-4E58-9930-8832BB946992}.Debug|Any CPU.Build.0 = Debug|Any CPU
		{8EAF77DC-44CF-4E58-9930-8832BB946992}.Debug|x64.ActiveCfg = Debug|Any CPU
		{8EAF77DC-44CF-4E58-9930-8832BB946992}.Debug|x64.Build.0 = Debug|Any CPU
		{8EAF77DC-44CF-4E58-9930-8832BB946992}.Debug|x86.ActiveCfg = Debug|Any CPU
		{8EAF77DC-44CF-4E58-9930-8832BB946992}.Debug|x86.Build.0 = Debug|Any CPU
		{8EAF77DC-44CF-4E58-9930-8832BB946992}.Release|Any CPU.ActiveCfg = Release|Any CPU
		{8EAF77DC-44CF-4E58-9930-8832BB946992}.Release|Any CPU.Build.0 = Release|Any CPU
		{8EAF77DC-44CF-4E58-9930-8832BB946992}.Release|x64.ActiveCfg = Release|Any CPU
		{8EAF77DC-44CF-4E58-9930-8832BB946992}.Release|x64.Build.0 = Release|Any CPU
		{8EAF77DC-44CF-4E58-9930-8832BB946992}.Release|x86.ActiveCfg = Release|Any CPU
		{8EAF77DC-44CF-4E58-9930-8832BB946992}.Release|x86.Build.0 = Release|Any CPU
		{81DDED9D-158B-E303-5F62-77A2896D2A5A}.Debug|Any CPU.ActiveCfg = Debug|Any CPU
		{81DDED9D-158B-E303-5F62-77A2896D2A5A}.Debug|Any CPU.Build.0 = Debug|Any CPU
		{81DDED9D-158B-E303-5F62-77A2896D2A5A}.Debug|x64.ActiveCfg = Debug|x64
		{81DDED9D-158B-E303-5F62-77A2896D2A5A}.Debug|x86.ActiveCfg = Debug|x86
		{81DDED9D-158B-E303-5F62-77A2896D2A5A}.Release|Any CPU.ActiveCfg = Release|Any CPU
		{81DDED9D-158B-E303-5F62-77A2896D2A5A}.Release|Any CPU.Build.0 = Release|Any CPU
		{81DDED9D-158B-E303-5F62-77A2896D2A5A}.Release|x64.ActiveCfg = Release|x64
		{81DDED9D-158B-E303-5F62-77A2896D2A5A}.Release|x86.ActiveCfg = Release|x86
		{BD80A979-C429-405B-9C61-A8661AF0FBAB}.Debug|Any CPU.ActiveCfg = Debug|Any CPU
		{BD80A979-C429-405B-9C61-A8661AF0FBAB}.Debug|Any CPU.Build.0 = Debug|Any CPU
		{BD80A979-C429-405B-9C61-A8661AF0FBAB}.Debug|x64.ActiveCfg = Debug|Any CPU
		{BD80A979-C429-405B-9C61-A8661AF0FBAB}.Debug|x64.Build.0 = Debug|Any CPU
		{BD80A979-C429-405B-9C61-A8661AF0FBAB}.Debug|x86.ActiveCfg = Debug|Any CPU
		{BD80A979-C429-405B-9C61-A8661AF0FBAB}.Debug|x86.Build.0 = Debug|Any CPU
		{BD80A979-C429-405B-9C61-A8661AF0FBAB}.Release|Any CPU.ActiveCfg = Release|Any CPU
		{BD80A979-C429-405B-9C61-A8661AF0FBAB}.Release|Any CPU.Build.0 = Release|Any CPU
		{BD80A979-C429-405B-9C61-A8661AF0FBAB}.Release|x64.ActiveCfg = Release|Any CPU
		{BD80A979-C429-405B-9C61-A8661AF0FBAB}.Release|x64.Build.0 = Release|Any CPU
		{BD80A979-C429-405B-9C61-A8661AF0FBAB}.Release|x86.ActiveCfg = Release|Any CPU
		{BD80A979-C429-405B-9C61-A8661AF0FBAB}.Release|x86.Build.0 = Release|Any CPU
		{8D819584-4EC2-52ED-CD78-AA7BA4C26214}.Debug|Any CPU.ActiveCfg = Debug|Any CPU
		{8D819584-4EC2-52ED-CD78-AA7BA4C26214}.Debug|Any CPU.Build.0 = Debug|Any CPU
		{8D819584-4EC2-52ED-CD78-AA7BA4C26214}.Debug|x64.ActiveCfg = Debug|Any CPU
		{8D819584-4EC2-52ED-CD78-AA7BA4C26214}.Debug|x64.Build.0 = Debug|Any CPU
		{8D819584-4EC2-52ED-CD78-AA7BA4C26214}.Debug|x86.ActiveCfg = Debug|Any CPU
		{8D819584-4EC2-52ED-CD78-AA7BA4C26214}.Debug|x86.Build.0 = Debug|Any CPU
		{8D819584-4EC2-52ED-CD78-AA7BA4C26214}.Release|Any CPU.ActiveCfg = Release|Any CPU
		{8D819584-4EC2-52ED-CD78-AA7BA4C26214}.Release|Any CPU.Build.0 = Release|Any CPU
		{8D819584-4EC2-52ED-CD78-AA7BA4C26214}.Release|x64.ActiveCfg = Release|Any CPU
		{8D819584-4EC2-52ED-CD78-AA7BA4C26214}.Release|x64.Build.0 = Release|Any CPU
		{8D819584-4EC2-52ED-CD78-AA7BA4C26214}.Release|x86.ActiveCfg = Release|Any CPU
		{8D819584-4EC2-52ED-CD78-AA7BA4C26214}.Release|x86.Build.0 = Release|Any CPU
		{564D0827-EDE4-7028-A2F4-06911FCF89AC}.Debug|Any CPU.ActiveCfg = Debug|Any CPU
		{564D0827-EDE4-7028-A2F4-06911FCF89AC}.Debug|Any CPU.Build.0 = Debug|Any CPU
		{564D0827-EDE4-7028-A2F4-06911FCF89AC}.Debug|x64.ActiveCfg = Debug|Any CPU
		{564D0827-EDE4-7028-A2F4-06911FCF89AC}.Debug|x64.Build.0 = Debug|Any CPU
		{564D0827-EDE4-7028-A2F4-06911FCF89AC}.Debug|x86.ActiveCfg = Debug|Any CPU
		{564D0827-EDE4-7028-A2F4-06911FCF89AC}.Debug|x86.Build.0 = Debug|Any CPU
		{564D0827-EDE4-7028-A2F4-06911FCF89AC}.Release|Any CPU.ActiveCfg = Release|Any CPU
		{564D0827-EDE4-7028-A2F4-06911FCF89AC}.Release|Any CPU.Build.0 = Release|Any CPU
		{564D0827-EDE4-7028-A2F4-06911FCF89AC}.Release|x64.ActiveCfg = Release|Any CPU
		{564D0827-EDE4-7028-A2F4-06911FCF89AC}.Release|x64.Build.0 = Release|Any CPU
		{564D0827-EDE4-7028-A2F4-06911FCF89AC}.Release|x86.ActiveCfg = Release|Any CPU
		{564D0827-EDE4-7028-A2F4-06911FCF89AC}.Release|x86.Build.0 = Release|Any CPU
		{7609555C-E9B6-5978-E2CB-38FB0043257A}.Debug|Any CPU.ActiveCfg = Debug|Any CPU
		{7609555C-E9B6-5978-E2CB-38FB0043257A}.Debug|Any CPU.Build.0 = Debug|Any CPU
		{7609555C-E9B6-5978-E2CB-38FB0043257A}.Debug|x64.ActiveCfg = Debug|Any CPU
		{7609555C-E9B6-5978-E2CB-38FB0043257A}.Debug|x64.Build.0 = Debug|Any CPU
		{7609555C-E9B6-5978-E2CB-38FB0043257A}.Debug|x86.ActiveCfg = Debug|Any CPU
		{7609555C-E9B6-5978-E2CB-38FB0043257A}.Debug|x86.Build.0 = Debug|Any CPU
		{7609555C-E9B6-5978-E2CB-38FB0043257A}.Release|Any CPU.ActiveCfg = Release|Any CPU
		{7609555C-E9B6-5978-E2CB-38FB0043257A}.Release|Any CPU.Build.0 = Release|Any CPU
		{7609555C-E9B6-5978-E2CB-38FB0043257A}.Release|x64.ActiveCfg = Release|Any CPU
		{7609555C-E9B6-5978-E2CB-38FB0043257A}.Release|x64.Build.0 = Release|Any CPU
		{7609555C-E9B6-5978-E2CB-38FB0043257A}.Release|x86.ActiveCfg = Release|Any CPU
		{7609555C-E9B6-5978-E2CB-38FB0043257A}.Release|x86.Build.0 = Release|Any CPU
	EndGlobalSection
	GlobalSection(SolutionProperties) = preSolution
		HideSolutionNode = FALSE
	EndGlobalSection
	GlobalSection(NestedProjects) = preSolution
		{BD80A979-C429-405B-9C61-A8661AF0FBAB} = {0AB3BF05-4346-4AA6-1389-037BE0695223}
		{98D12245-3036-4501-BB00-3FB232F9B2A1} = {02EA681E-C7D8-13C7-8484-4AC65E1B71E8}
		{8D819584-4EC2-52ED-CD78-AA7BA4C26214} = {98D12245-3036-4501-BB00-3FB232F9B2A1}
		{564D0827-EDE4-7028-A2F4-06911FCF89AC} = {02EA681E-C7D8-13C7-8484-4AC65E1B71E8}
		{7609555C-E9B6-5978-E2CB-38FB0043257A} = {02EA681E-C7D8-13C7-8484-4AC65E1B71E8}
	EndGlobalSection
	GlobalSection(ExtensibilityGlobals) = postSolution
		SolutionGuid = {7B06A5A0-33D1-41C7-ADF4-28E139921154}
	EndGlobalSection
EndGlobal
